
Microsoft Visual Studio Solution File, Format Version 12.00
# Visual Studio Version 17
VisualStudioVersion = 17.5.002.0
MinimumVisualStudioVersion = 10.0.40219.1
Project("{9A19103F-16F7-4668-BE54-9A1E7A4F7556}") = "FloodwatersMini", "FloodwatersMini.csproj", "{A45FC83D-FFA3-4D1C-8856-5D0820CBFE43}"
EndProject
Global
	GlobalSection(SolutionConfigurationPlatforms) = preSolution
		Debug|Any CPU = Debug|Any CPU
		Release|Any CPU = Release|Any CPU
	EndGlobalSection
	GlobalSection(ProjectConfigurationPlatforms) = postSolution
		{A45FC83D-FFA3-4D1C-8856-5D0820CBFE43}.Debug|Any CPU.ActiveCfg = Debug|Any CPU
		{A45FC83D-FFA3-4D1C-8856-5D0820CBFE43}.Debug|Any CPU.Build.0 = Debug|Any CPU
		{A45FC83D-FFA3-4D1C-8856-5D0820CBFE43}.Release|Any CPU.ActiveCfg = Release|Any CPU
		{A45FC83D-FFA3-4D1C-8856-5D0820CBFE43}.Release|Any CPU.Build.0 = Release|Any CPU
	EndGlobalSection
	GlobalSection(SolutionProperties) = preSolution
		HideSolutionNode = FALSE
	EndGlobalSection
	GlobalSection(ExtensibilityGlobals) = postSolution
		SolutionGuid = {650610FD-2EC9-4009-9BE7-60B9BB1CC04C}
	EndGlobalSection
EndGlobal
